// !$*UTF8*$!
{
	archiveVersion = 1;
	classes = {
	};
	objectVersion = 45;
	objects = {

/* Begin PBXBuildFile section */
		1D3623260D0F684500981E51 /* AsyncImageLoadingByDispatchQueuesAppDelegate.m in Sources */ = {isa = PBXBuildFile; fileRef = 1D3623250D0F684500981E51 /* AsyncImageLoadingByDispatchQueuesAppDelegate.m */; };
		1D60589B0D05DD56006BFB54 /* main.m in Sources */ = {isa = PBXBuildFile; fileRef = 29B97316FDCFA39411CA2CEA /* main.m */; };
		1D60589F0D05DD5A006BFB54 /* Foundation.framework in Frameworks */ = {isa = PBXBuildFile; fileRef = 1D30AB110D05D00D00671497 /* Foundation.framework */; };
		1DF5F4E00D08C38300B7A737 /* UIKit.framework in Frameworks */ = {isa = PBXBuildFile; fileRef = 1DF5F4DF0D08C38300B7A737 /* UIKit.framework */; };
		288765FD0DF74451002DB57D /* CoreGraphics.framework in Frameworks */ = {isa = PBXBuildFile; fileRef = 288765FC0DF74451002DB57D /* CoreGraphics.framework */; };
		28AD733F0D9D9553002E5188 /* MainWindow.xib in Resources */ = {isa = PBXBuildFile; fileRef = 28AD733E0D9D9553002E5188 /* MainWindow.xib */; };
		9C2FFD4C151B288700A1A2AA /* RootViewController.xib in Resources */ = {isa = PBXBuildFile; fileRef = 9C2FFD4B151B288700A1A2AA /* RootViewController.xib */; };
		9C42B109151B25ED005F0A29 /* CallbacksTableViewCell.m in Sources */ = {isa = PBXBuildFile; fileRef = 9C42B0F8151B25ED005F0A29 /* CallbacksTableViewCell.m */; };
		9C42B10A151B25ED005F0A29 /* NSObject+SBJSON.m in Sources */ = {isa = PBXBuildFile; fileRef = 9C42B0FC151B25ED005F0A29 /* NSObject+SBJSON.m */; };
		9C42B10B151B25ED005F0A29 /* NSString+SBJSON.m in Sources */ = {isa = PBXBuildFile; fileRef = 9C42B0FE151B25ED005F0A29 /* NSString+SBJSON.m */; };
		9C42B10C151B25ED005F0A29 /* SBJSON.m in Sources */ = {isa = PBXBuildFile; fileRef = 9C42B100151B25ED005F0A29 /* SBJSON.m */; };
		9C42B10D151B25ED005F0A29 /* RootViewController.m in Sources */ = {isa = PBXBuildFile; fileRef = 9C42B102151B25ED005F0A29 /* RootViewController.m */; };
		9C42B10E151B25ED005F0A29 /* UIImage+Alpha.m in Sources */ = {isa = PBXBuildFile; fileRef = 9C42B104151B25ED005F0A29 /* UIImage+Alpha.m */; };
		9C42B10F151B25ED005F0A29 /* UIImage+Resize.m in Sources */ = {isa = PBXBuildFile; fileRef = 9C42B106151B25ED005F0A29 /* UIImage+Resize.m */; };
		9C42B110151B25ED005F0A29 /* UIImage+RoundedCorner.m in Sources */ = {isa = PBXBuildFile; fileRef = 9C42B108151B25ED005F0A29 /* UIImage+RoundedCorner.m */; };
/* End PBXBuildFile section */

/* Begin PBXFileReference section */
		1D30AB110D05D00D00671497 /* Foundation.framework */ = {isa = PBXFileReference; lastKnownFileType = wrapper.framework; name = Foundation.framework; path = System/Library/Frameworks/Foundation.framework; sourceTree = SDKROOT; };
		1D3623240D0F684500981E51 /* AsyncImageLoadingByDispatchQueuesAppDelegate.h */ = {isa = PBXFileReference; fileEncoding = 4; lastKnownFileType = sourcecode.c.h; path = AsyncImageLoadingByDispatchQueuesAppDelegate.h; sourceTree = "<group>"; };
		1D3623250D0F684500981E51 /* AsyncImageLoadingByDispatchQueuesAppDelegate.m */ = {isa = PBXFileReference; fileEncoding = 4; lastKnownFileType = sourcecode.c.objc; path = AsyncImageLoadingByDispatchQueuesAppDelegate.m; sourceTree = "<group>"; };
		1D6058910D05DD3D006BFB54 /* AsyncImageLoadingByDispatchQueues.app */ = {isa = PBXFileReference; explicitFileType = wrapper.application; includeInIndex = 0; path = AsyncImageLoadingByDispatchQueues.app; sourceTree = BUILT_PRODUCTS_DIR; };
		1DF5F4DF0D08C38300B7A737 /* UIKit.framework */ = {isa = PBXFileReference; lastKnownFileType = wrapper.framework; name = UIKit.framework; path = System/Library/Frameworks/UIKit.framework; sourceTree = SDKROOT; };
		288765FC0DF74451002DB57D /* CoreGraphics.framework */ = {isa = PBXFileReference; lastKnownFileType = wrapper.framework; name = CoreGraphics.framework; path = System/Library/Frameworks/CoreGraphics.framework; sourceTree = SDKROOT; };
		28AD733E0D9D9553002E5188 /* MainWindow.xib */ = {isa = PBXFileReference; lastKnownFileType = file.xib; path = MainWindow.xib; sourceTree = "<group>"; };
		29B97316FDCFA39411CA2CEA /* main.m */ = {isa = PBXFileReference; fileEncoding = 4; lastKnownFileType = sourcecode.c.objc; path = main.m; sourceTree = "<group>"; };
		32CA4F630368D1EE00C91783 /* AsyncImageLoadingByDispatchQueues_Prefix.pch */ = {isa = PBXFileReference; fileEncoding = 4; lastKnownFileType = sourcecode.c.h; path = AsyncImageLoadingByDispatchQueues_Prefix.pch; sourceTree = "<group>"; };
		8D1107310486CEB800E47090 /* AsyncImageLoadingByDispatchQueues-Info.plist */ = {isa = PBXFileReference; fileEncoding = 4; lastKnownFileType = text.plist.xml; path = "AsyncImageLoadingByDispatchQueues-Info.plist"; plistStructureDefinitionIdentifier = "com.apple.xcode.plist.structure-definition.iphone.info-plist"; sourceTree = "<group>"; };
		9C2FFD4B151B288700A1A2AA /* RootViewController.xib */ = {isa = PBXFileReference; lastKnownFileType = file.xib; path = RootViewController.xib; sourceTree = "<group>"; };
		9C42B0F7151B25ED005F0A29 /* CallbacksTableViewCell.h */ = {isa = PBXFileReference; fileEncoding = 4; lastKnownFileType = sourcecode.c.h; path = CallbacksTableViewCell.h; sourceTree = "<group>"; };
		9C42B0F8151B25ED005F0A29 /* CallbacksTableViewCell.m */ = {isa = PBXFileReference; fileEncoding = 4; lastKnownFileType = sourcecode.c.objc; path = CallbacksTableViewCell.m; sourceTree = "<group>"; };
		9C42B0FA151B25ED005F0A29 /* JSON.h */ = {isa = PBXFileReference; fileEncoding = 4; lastKnownFileType = sourcecode.c.h; path = JSON.h; sourceTree = "<group>"; };
		9C42B0FB151B25ED005F0A29 /* NSObject+SBJSON.h */ = {isa = PBXFileReference; fileEncoding = 4; lastKnownFileType = sourcecode.c.h; path = "NSObject+SBJSON.h"; sourceTree = "<group>"; };
		9C42B0FC151B25ED005F0A29 /* NSObject+SBJSON.m */ = {isa = PBXFileReference; fileEncoding = 4; lastKnownFileType = sourcecode.c.objc; path = "NSObject+SBJSON.m"; sourceTree = "<group>"; };
		9C42B0FD151B25ED005F0A29 /* NSString+SBJSON.h */ = {isa = PBXFileReference; fileEncoding = 4; lastKnownFileType = sourcecode.c.h; path = "NSString+SBJSON.h"; sourceTree = "<group>"; };
		9C42B0FE151B25ED005F0A29 /* NSString+SBJSON.m */ = {isa = PBXFileReference; fileEncoding = 4; lastKnownFileType = sourcecode.c.objc; path = "NSString+SBJSON.m"; sourceTree = "<group>"; };
		9C42B0FF151B25ED005F0A29 /* SBJSON.h */ = {isa = PBXFileReference; fileEncoding = 4; lastKnownFileType = sourcecode.c.h; path = SBJSON.h; sourceTree = "<group>"; };
		9C42B100151B25ED005F0A29 /* SBJSON.m */ = {isa = PBXFileReference; fileEncoding = 4; lastKnownFileType = sourcecode.c.objc; path = SBJSON.m; sourceTree = "<group>"; };
		9C42B101151B25ED005F0A29 /* RootViewController.h */ = {isa = PBXFileReference; fileEncoding = 4; lastKnownFileType = sourcecode.c.h; path = RootViewController.h; sourceTree = "<group>"; };
		9C42B102151B25ED005F0A29 /* RootViewController.m */ = {isa = PBXFileReference; fileEncoding = 4; lastKnownFileType = sourcecode.c.objc; path = RootViewController.m; sourceTree = "<group>"; };
		9C42B103151B25ED005F0A29 /* UIImage+Alpha.h */ = {isa = PBXFileReference; fileEncoding = 4; lastKnownFileType = sourcecode.c.h; path = "UIImage+Alpha.h"; sourceTree = "<group>"; };
		9C42B104151B25ED005F0A29 /* UIImage+Alpha.m */ = {isa = PBXFileReference; fileEncoding = 4; lastKnownFileType = sourcecode.c.objc; path = "UIImage+Alpha.m"; sourceTree = "<group>"; };
		9C42B105151B25ED005F0A29 /* UIImage+Resize.h */ = {isa = PBXFileReference; fileEncoding = 4; lastKnownFileType = sourcecode.c.h; path = "UIImage+Resize.h"; sourceTree = "<group>"; };
		9C42B106151B25ED005F0A29 /* UIImage+Resize.m */ = {isa = PBXFileReference; fileEncoding = 4; lastKnownFileType = sourcecode.c.objc; path = "UIImage+Resize.m"; sourceTree = "<group>"; };
		9C42B107151B25ED005F0A29 /* UIImage+RoundedCorner.h */ = {isa = PBXFileReference; fileEncoding = 4; lastKnownFileType = sourcecode.c.h; path = "UIImage+RoundedCorner.h"; sourceTree = "<group>"; };
		9C42B108151B25ED005F0A29 /* UIImage+RoundedCorner.m */ = {isa = PBXFileReference; fileEncoding = 4; lastKnownFileType = sourcecode.c.objc; path = "UIImage+RoundedCorner.m"; sourceTree = "<group>"; };
/* End PBXFileReference section */

/* Begin PBXFrameworksBuildPhase section */
		1D60588F0D05DD3D006BFB54 /* Frameworks */ = {
			isa = PBXFrameworksBuildPhase;
			buildActionMask = 2147483647;
			files = (
				1D60589F0D05DD5A006BFB54 /* Foundation.framework in Frameworks */,
				1DF5F4E00D08C38300B7A737 /* UIKit.framework in Frameworks */,
				288765FD0DF74451002DB57D /* CoreGraphics.framework in Frameworks */,
			);
			runOnlyForDeploymentPostprocessing = 0;
		};
/* End PBXFrameworksBuildPhase section */

/* Begin PBXGroup section */
		080E96DDFE201D6D7F000001 /* Classes */ = {
			isa = PBXGroup;
			children = (
				9C42B111151B2602005F0A29 /* Category */,
				9C42B0F9151B25ED005F0A29 /* JSON */,
				9C42B0F7151B25ED005F0A29 /* CallbacksTableViewCell.h */,
				9C42B0F8151B25ED005F0A29 /* CallbacksTableViewCell.m */,
				9C42B101151B25ED005F0A29 /* RootViewController.h */,
				9C42B102151B25ED005F0A29 /* RootViewController.m */,
				1D3623240D0F684500981E51 /* AsyncImageLoadingByDispatchQueuesAppDelegate.h */,
				1D3623250D0F684500981E51 /* AsyncImageLoadingByDispatchQueuesAppDelegate.m */,
			);
			path = Classes;
			sourceTree = "<group>";
		};
		19C28FACFE9D520D11CA2CBB /* Products */ = {
			isa = PBXGroup;
			children = (
				1D6058910D05DD3D006BFB54 /* AsyncImageLoadingByDispatchQueues.app */,
			);
			name = Products;
			sourceTree = "<group>";
		};
		29B97314FDCFA39411CA2CEA /* CustomTemplate */ = {
			isa = PBXGroup;
			children = (
				080E96DDFE201D6D7F000001 /* Classes */,
				29B97315FDCFA39411CA2CEA /* Other Sources */,
				29B97317FDCFA39411CA2CEA /* Resources */,
				29B97323FDCFA39411CA2CEA /* Frameworks */,
				19C28FACFE9D520D11CA2CBB /* Products */,
			);
			name = CustomTemplate;
			sourceTree = "<group>";
		};
		29B97315FDCFA39411CA2CEA /* Other Sources */ = {
			isa = PBXGroup;
			children = (
				32CA4F630368D1EE00C91783 /* AsyncImageLoadingByDispatchQueues_Prefix.pch */,
				29B97316FDCFA39411CA2CEA /* main.m */,
			);
			name = "Other Sources";
			sourceTree = "<group>";
		};
		29B97317FDCFA39411CA2CEA /* Resources */ = {
			isa = PBXGroup;
			children = (
				9C2FFD4B151B288700A1A2AA /* RootViewController.xib */,
				28AD733E0D9D9553002E5188 /* MainWindow.xib */,
				8D1107310486CEB800E47090 /* AsyncImageLoadingByDispatchQueues-Info.plist */,
			);
			name = Resources;
			sourceTree = "<group>";
		};
		29B97323FDCFA39411CA2CEA /* Frameworks */ = {
			isa = PBXGroup;
			children = (
				1DF5F4DF0D08C38300B7A737 /* UIKit.framework */,
				1D30AB110D05D00D00671497 /* Foundation.framework */,
				288765FC0DF74451002DB57D /* CoreGraphics.framework */,
			);
			name = Frameworks;
			sourceTree = "<group>";
		};
		9C42B0F9151B25ED005F0A29 /* JSON */ = {
			isa = PBXGroup;
			children = (
				9C42B0FA151B25ED005F0A29 /* JSON.h */,
				9C42B0FB151B25ED005F0A29 /* NSObject+SBJSON.h */,
				9C42B0FC151B25ED005F0A29 /* NSObject+SBJSON.m */,
				9C42B0FD151B25ED005F0A29 /* NSString+SBJSON.h */,
				9C42B0FE151B25ED005F0A29 /* NSString+SBJSON.m */,
				9C42B0FF151B25ED005F0A29 /* SBJSON.h */,
				9C42B100151B25ED005F0A29 /* SBJSON.m */,
			);
			path = JSON;
			sourceTree = "<group>";
		};
		9C42B111151B2602005F0A29 /* Category */ = {
			isa = PBXGroup;
			children = (
				9C42B103151B25ED005F0A29 /* UIImage+Alpha.h */,
				9C42B104151B25ED005F0A29 /* UIImage+Alpha.m */,
				9C42B105151B25ED005F0A29 /* UIImage+Resize.h */,
				9C42B106151B25ED005F0A29 /* UIImage+Resize.m */,
				9C42B107151B25ED005F0A29 /* UIImage+RoundedCorner.h */,
				9C42B108151B25ED005F0A29 /* UIImage+RoundedCorner.m */,
			);
			name = Category;
			sourceTree = "<group>";
		};
/* End PBXGroup section */

/* Begin PBXNativeTarget section */
		1D6058900D05DD3D006BFB54 /* AsyncImageLoadingByDispatchQueues */ = {
			isa = PBXNativeTarget;
			buildConfigurationList = 1D6058960D05DD3E006BFB54 /* Build configuration list for PBXNativeTarget "AsyncImageLoadingByDispatchQueues" */;
			buildPhases = (
				1D60588D0D05DD3D006BFB54 /* Resources */,
				1D60588E0D05DD3D006BFB54 /* Sources */,
				1D60588F0D05DD3D006BFB54 /* Frameworks */,
			);
			buildRules = (
			);
			dependencies = (
			);
			name = AsyncImageLoadingByDispatchQueues;
			productName = AsyncImageLoadingByDispatchQueues;
			productReference = 1D6058910D05DD3D006BFB54 /* AsyncImageLoadingByDispatchQueues.app */;
			productType = "com.apple.product-type.application";
		};
/* End PBXNativeTarget section */

/* Begin PBXProject section */
		29B97313FDCFA39411CA2CEA /* Project object */ = {
			isa = PBXProject;
			buildConfigurationList = C01FCF4E08A954540054247B /* Build configuration list for PBXProject "AsyncImageLoadingByDispatchQueues" */;
			compatibilityVersion = "Xcode 3.1";
			developmentRegion = English;
			hasScannedForEncodings = 1;
			knownRegions = (
				English,
				Japanese,
				French,
				German,
			);
			mainGroup = 29B97314FDCFA39411CA2CEA /* CustomTemplate */;
			projectDirPath = "";
			projectRoot = "";
			targets = (
				1D6058900D05DD3D006BFB54 /* AsyncImageLoadingByDispatchQueues */,
			);
		};
/* End PBXProject section */

/* Begin PBXResourcesBuildPhase section */
		1D60588D0D05DD3D006BFB54 /* Resources */ = {
			isa = PBXResourcesBuildPhase;
			buildActionMask = 2147483647;
			files = (
				28AD733F0D9D9553002E5188 /* MainWindow.xib in Resources */,
				9C2FFD4C151B288700A1A2AA /* RootViewController.xib in Resources */,
			);
			runOnlyForDeploymentPostprocessing = 0;
		};
/* End PBXResourcesBuildPhase section */

/* Begin PBXSourcesBuildPhase section */
		1D60588E0D05DD3D006BFB54 /* Sources */ = {
			isa = PBXSourcesBuildPhase;
			buildActionMask = 2147483647;
			files = (
				1D60589B0D05DD56006BFB54 /* main.m in Sources */,
				1D3623260D0F684500981E51 /* AsyncImageLoadingByDispatchQueuesAppDelegate.m in Sources */,
				9C42B109151B25ED005F0A29 /* CallbacksTableViewCell.m in Sources */,
				9C42B10A151B25ED005F0A29 /* NSObject+SBJSON.m in Sources */,
				9C42B10B151B25ED005F0A29 /* NSString+SBJSON.m in Sources */,
				9C42B10C151B25ED005F0A29 /* SBJSON.m in Sources */,
				9C42B10D151B25ED005F0A29 /* RootViewController.m in Sources */,
				9C42B10E151B25ED005F0A29 /* UIImage+Alpha.m in Sources */,
				9C42B10F151B25ED005F0A29 /* UIImage+Resize.m in Sources */,
				9C42B110151B25ED005F0A29 /* UIImage+RoundedCorner.m in Sources */,
			);
			runOnlyForDeploymentPostprocessing = 0;
		};
/* End PBXSourcesBuildPhase section */

/* Begin XCBuildConfiguration section */
		1D6058940D05DD3E006BFB54 /* Debug */ = {
			isa = XCBuildConfiguration;
			buildSettings = {
				ALWAYS_SEARCH_USER_PATHS = NO;
				COPY_PHASE_STRIP = NO;
				GCC_DYNAMIC_NO_PIC = NO;
				GCC_OPTIMIZATION_LEVEL = 0;
				GCC_PRECOMPILE_PREFIX_HEADER = YES;
				GCC_PREFIX_HEADER = AsyncImageLoadingByDispatchQueues_Prefix.pch;
				INFOPLIST_FILE = "AsyncImageLoadingByDispatchQueues-Info.plist";
				PRODUCT_NAME = AsyncImageLoadingByDispatchQueues;
			};
			name = Debug;
		};
		1D6058950D05DD3E006BFB54 /* Release */ = {
			isa = XCBuildConfiguration;
			buildSettings = {
				ALWAYS_SEARCH_USER_PATHS = NO;
				COPY_PHASE_STRIP = YES;
				GCC_PRECOMPILE_PREFIX_HEADER = YES;
				GCC_PREFIX_HEADER = AsyncImageLoadingByDispatchQueues_Prefix.pch;
				INFOPLIST_FILE = "AsyncImageLoadingByDispatchQueues-Info.plist";
				PRODUCT_NAME = AsyncImageLoadingByDispatchQueues;
				VALIDATE_PRODUCT = YES;
			};
			name = Release;
		};
		C01FCF4F08A954540054247B /* Debug */ = {
			isa = XCBuildConfiguration;
			buildSettings = {
				ARCHS = "$(ARCHS_STANDARD_32_BIT)";
				"CODE_SIGN_IDENTITY[sdk=iphoneos*]" = "iPhone Developer";
				GCC_C_LANGUAGE_STANDARD = c99;
				GCC_WARN_ABOUT_RETURN_TYPE = YES;
				GCC_WARN_UNUSED_VARIABLE = YES;
				PREBINDING = NO;
				SDKROOT = iphoneos;
			};
			name = Debug;
		};
		C01FCF5008A954540054247B /* Release */ = {
			isa = XCBuildConfiguration;
			buildSettings = {
				ARCHS = "$(ARCHS_STANDARD_32_BIT)";
				"CODE_SIGN_IDENTITY[sdk=iphoneos*]" = "iPhone Developer";
				GCC_C_LANGUAGE_STANDARD = c99;
				GCC_WARN_ABOUT_RETURN_TYPE = YES;
				GCC_WARN_UNUSED_VARIABLE = YES;
				OTHER_CFLAGS = "-DNS_BLOCK_ASSERTIONS=1";
				PREBINDING = NO;
				SDKROOT = iphoneos;
			};
			name = Release;
		};
/* End XCBuildConfiguration section */

/* Begin XCConfigurationList section */
		1D6058960D05DD3E006BFB54 /* Build configuration list for PBXNativeTarget "AsyncImageLoadingByDispatchQueues" */ = {
			isa = XCConfigurationList;
			buildConfigurations = (
				1D6058940D05DD3E006BFB54 /* Debug */,
				1D6058950D05DD3E006BFB54 /* Release */,
			);
			defaultConfigurationIsVisible = 0;
			defaultConfigurationName = Release;
		};
		C01FCF4E08A954540054247B /* Build configuration list for PBXProject "AsyncImageLoadingByDispatchQueues" */ = {
			isa = XCConfigurationList;
			buildConfigurations = (
				C01FCF4F08A954540054247B /* Debug */,
				C01FCF5008A954540054247B /* Release */,
			);
			defaultConfigurationIsVisible = 0;
			defaultConfigurationName = Release;
		};
/* End XCConfigurationList section */
	};
	rootObject = 29B97313FDCFA39411CA2CEA /* Project object */;
}
